
Microsoft Visual Studio Solution File, Format Version 12.00
# Visual Studio Version 18
VisualStudioVersion = 18.7.11925.98 stable
MinimumVisualStudioVersion = 10.0.40219.1
Project("{FAE04EC0-301F-11D3-BF4B-00C04F79EFBC}") = "SimpleBol.PrintNotifications", "SimpleBol.PrintNotifications\SimpleBol.PrintNotifications.csproj", "{315CD343-F87B-41B7-9BDB-64A9DD6236EB}"
EndProject
Project("{930C7802-8A8C-48F9-8165-68863BCCD9DD}") = "SimpleBol.Installer", "SimpleBol.Installer\SimpleBol.Installer.wixproj", "{470FB731-9071-43F8-AB41-CCC1627F9580}"
EndProject
Project("{FAE04EC0-301F-11D3-BF4B-00C04F79EFBC}") = "SimpleBol", "SimpleBol\SimpleBol.csproj", "{ECB444E7-4D18-2784-E173-C19F1AFA608C}"
EndProject
Global
	GlobalSection(SolutionConfigurationPlatforms) = preSolution
		Debug|Any CPU = Debug|Any CPU
		Release|Any CPU = Release|Any CPU
	EndGlobalSection
	GlobalSection(ProjectConfigurationPlatforms) = postSolution
		{315CD343-F87B-41B7-9BDB-64A9DD6236EB}.Debug|Any CPU.ActiveCfg = Debug|Any CPU
		{315CD343-F87B-41B7-9BDB-64A9DD6236EB}.Debug|Any CPU.Build.0 = Debug|Any CPU
		{315CD343-F87B-41B7-9BDB-64A9DD6236EB}.Release|Any CPU.ActiveCfg = Release|Any CPU
		{315CD343-F87B-41B7-9BDB-64A9DD6236EB}.Release|Any CPU.Build.0 = Release|Any CPU
		{470FB731-9071-43F8-AB41-CCC1627F9580}.Debug|Any CPU.ActiveCfg = Debug|Any CPU
		{470FB731-9071-43F8-AB41-CCC1627F9580}.Debug|Any CPU.Build.0 = Debug|Any CPU
		{470FB731-9071-43F8-AB41-CCC1627F9580}.Release|Any CPU.ActiveCfg = Release|Any CPU
		{470FB731-9071-43F8-AB41-CCC1627F9580}.Release|Any CPU.Build.0 = Release|Any CPU
		{ECB444E7-4D18-2784-E173-C19F1AFA608C}.Debug|Any CPU.ActiveCfg = Debug|Any CPU
		{ECB444E7-4D18-2784-E173-C19F1AFA608C}.Debug|Any CPU.Build.0 = Debug|Any CPU
		{ECB444E7-4D18-2784-E173-C19F1AFA608C}.Release|Any CPU.ActiveCfg = Release|Any CPU
		{ECB444E7-4D18-2784-E173-C19F1AFA608C}.Release|Any CPU.Build.0 = Release|Any CPU
	EndGlobalSection
	GlobalSection(SolutionProperties) = preSolution
		HideSolutionNode = FALSE
	EndGlobalSection
	GlobalSection(ExtensibilityGlobals) = postSolution
		SolutionGuid = {CE35D86C-DE0C-4A3A-9EFF-A73C1CD77090}
	EndGlobalSection
EndGlobal
